
Microsoft Visual Studio Solution File, Format Version 12.00
# Visual Studio 15
VisualStudioVersion = 15.0.28307.489
MinimumVisualStudioVersion = 10.0.40219.1
Project("{FAE04EC0-301F-11D3-BF4B-00C04F79EFBC}") = "WindowsFormsApp5", "WindowsFormsApp5\WindowsFormsApp5.csproj", "{0C886985-99C4-467A-9B3C-26F53D8C86A2}"
EndProject
Global
	GlobalSection(SolutionConfigurationPlatforms) = preSolution
		Debug|Any CPU = Debug|Any CPU
		Release|Any CPU = Release|Any CPU
	EndGlobalSection
	GlobalSection(ProjectConfigurationPlatforms) = postSolution
		{0C886985-99C4-467A-9B3C-26F53D8C86A2}.Debug|Any CPU.ActiveCfg = Debug|Any CPU
		{0C886985-99C4-467A-9B3C-26F53D8C86A2}.Debug|Any CPU.Build.0 = Debug|Any CPU
		{0C886985-99C4-467A-9B3C-26F53D8C86A2}.Release|Any CPU.ActiveCfg = Release|Any CPU
		{0C886985-99C4-467A-9B3C-26F53D8C86A2}.Release|Any CPU.Build.0 = Release|Any CPU
	EndGlobalSection
	GlobalSection(SolutionProperties) = preSolution
		HideSolutionNode = FALSE
	EndGlobalSection
	GlobalSection(ExtensibilityGlobals) = postSolution
		SolutionGuid = {3606E708-ACBD-4509-8C0A-97089E931A0D}
	EndGlobalSection
EndGlobal
